
Microsoft Visual Studio Solution File, Format Version 12.00
# Visual Studio 2013
VisualStudioVersion = 12.0.21005.1
MinimumVisualStudioVersion = 10.0.40219.1
Project("{FAE04EC0-301F-11D3-BF4B-00C04F79EFBC}") = "Taksopark.MVC", "Taksopark.MVC\Taksopark.MVC.csproj", "{A0A7B34C-3BF8-4730-A512-63E7D3AE054B}"
EndProject
Project("{FAE04EC0-301F-11D3-BF4B-00C04F79EFBC}") = "Taksopark.WebForms", "Taksopark.WebForms\Taksopark.WebForms.csproj", "{CC8EFAF3-44AA-48ED-91D4-6B7466E11C3E}"
EndProject
Project("{FAE04EC0-301F-11D3-BF4B-00C04F79EFBC}") = "Taksopark.DAL", "Taksopark.DAL\Taksopark.DAL.csproj", "{090412FD-0881-43D3-875D-35E6EDD00485}"
EndProject
Project("{FAE04EC0-301F-11D3-BF4B-00C04F79EFBC}") = "Taksopark.BL", "Taksopark.BL\Taksopark.BL.csproj", "{E539054C-B886-4D6C-9C06-D0BB1202777F}"
EndProject
Project("{FAE04EC0-301F-11D3-BF4B-00C04F79EFBC}") = "Taksopark.BL.Test", "Taksopark.BL.Test\Taksopark.BL.Test.csproj", "{2CE2E55D-8735-419F-86CC-8E6E93F9E390}"
EndProject
Global
	GlobalSection(SolutionConfigurationPlatforms) = preSolution
		Debug|Any CPU = Debug|Any CPU
		Release|Any CPU = Release|Any CPU
	EndGlobalSection
	GlobalSection(ProjectConfigurationPlatforms) = postSolution
		{A0A7B34C-3BF8-4730-A512-63E7D3AE054B}.Debug|Any CPU.ActiveCfg = Debug|Any CPU
		{A0A7B34C-3BF8-4730-A512-63E7D3AE054B}.Debug|Any CPU.Build.0 = Debug|Any CPU
		{A0A7B34C-3BF8-4730-A512-63E7D3AE054B}.Release|Any CPU.ActiveCfg = Release|Any CPU
		{A0A7B34C-3BF8-4730-A512-63E7D3AE054B}.Release|Any CPU.Build.0 = Release|Any CPU
		{CC8EFAF3-44AA-48ED-91D4-6B7466E11C3E}.Debug|Any CPU.ActiveCfg = Debug|Any CPU
		{CC8EFAF3-44AA-48ED-91D4-6B7466E11C3E}.Debug|Any CPU.Build.0 = Debug|Any CPU
		{CC8EFAF3-44AA-48ED-91D4-6B7466E11C3E}.Release|Any CPU.ActiveCfg = Release|Any CPU
		{CC8EFAF3-44AA-48ED-91D4-6B7466E11C3E}.Release|Any CPU.Build.0 = Release|Any CPU
		{090412FD-0881-43D3-875D-35E6EDD00485}.Debug|Any CPU.ActiveCfg = Debug|Any CPU
		{090412FD-0881-43D3-875D-35E6EDD00485}.Debug|Any CPU.Build.0 = Debug|Any CPU
		{090412FD-0881-43D3-875D-35E6EDD00485}.Release|Any CPU.ActiveCfg = Release|Any CPU
		{090412FD-0881-43D3-875D-35E6EDD00485}.Release|Any CPU.Build.0 = Release|Any CPU
		{E539054C-B886-4D6C-9C06-D0BB1202777F}.Debug|Any CPU.ActiveCfg = Debug|Any CPU
		{E539054C-B886-4D6C-9C06-D0BB1202777F}.Debug|Any CPU.Build.0 = Debug|Any CPU
		{E539054C-B886-4D6C-9C06-D0BB1202777F}.Release|Any CPU.ActiveCfg = Release|Any CPU
		{E539054C-B886-4D6C-9C06-D0BB1202777F}.Release|Any CPU.Build.0 = Release|Any CPU
		{2CE2E55D-8735-419F-86CC-8E6E93F9E390}.Debug|Any CPU.ActiveCfg = Debug|Any CPU
		{2CE2E55D-8735-419F-86CC-8E6E93F9E390}.Debug|Any CPU.Build.0 = Debug|Any CPU
		{2CE2E55D-8735-419F-86CC-8E6E93F9E390}.Release|Any CPU.ActiveCfg = Release|Any CPU
		{2CE2E55D-8735-419F-86CC-8E6E93F9E390}.Release|Any CPU.Build.0 = Release|Any CPU
	EndGlobalSection
	GlobalSection(SolutionProperties) = preSolution
		HideSolutionNode = FALSE
	EndGlobalSection
EndGlobal
